
Microsoft Visual Studio Solution File, Format Version 12.00
# Visual Studio Version 17
VisualStudioVersion = 17.4.32916.344
MinimumVisualStudioVersion = 10.0.40219.1
Project("{FAE04EC0-301F-11D3-BF4B-00C04F79EFBC}") = "WebApi.Minimized", "WebApi.Minimized\WebApi.Minimized.csproj", "{E35C59BF-CC46-4568-9A64-F92481C187C6}"
EndProject
Global
	GlobalSection(SolutionConfigurationPlatforms) = preSolution
		Debug|Any CPU = Debug|Any CPU
		Release|Any CPU = Release|Any CPU
	EndGlobalSection
	GlobalSection(ProjectConfigurationPlatforms) = postSolution
		{E35C59BF-CC46-4568-9A64-F92481C187C6}.Debug|Any CPU.ActiveCfg = Debug|Any CPU
		{E35C59BF-CC46-4568-9A64-F92481C187C6}.Debug|Any CPU.Build.0 = Debug|Any CPU
		{E35C59BF-CC46-4568-9A64-F92481C187C6}.Release|Any CPU.ActiveCfg = Release|Any CPU
		{E35C59BF-CC46-4568-9A64-F92481C187C6}.Release|Any CPU.Build.0 = Release|Any CPU
	EndGlobalSection
	GlobalSection(SolutionProperties) = preSolution
		HideSolutionNode = FALSE
	EndGlobalSection
	GlobalSection(ExtensibilityGlobals) = postSolution
		SolutionGuid = {ADF30EC6-B0D2-4D83-833F-56673DE823F8}
	EndGlobalSection
EndGlobal
